# THIS IS AN AUTOGENERATED FILE. DO NOT EDIT THIS FILE DIRECTLY.
# yarn lockfile v1


exenv@^1.2.2:
  version "1.2.2"
  resolved "https://registry.yarnpkg.com/exenv/-/exenv-1.2.2.tgz#2ae78e85d9894158670b03d47bec1f03bd91bb9d"
  integrity sha1-KueOhdmJQVhnCwPUe+wfA72Ru50=

react-scrolllock@^5.0.1:
  version "5.0.1"
  resolved "https://registry.yarnpkg.com/react-scrolllock/-/react-scrolllock-5.0.1.tgz#da1cfb7b6d55c86ae41dbad5274b778c307752b7"
  integrity sha512-poeEsjnZAlpA6fJlaNo4rZtcip2j6l5mUGU/SJe1FFlicEudS943++u7ZSdA7lk10hoyYK3grOD02/qqt5Lxhw==
  dependencies:
    exenv "^1.2.2"
